
Microsoft Visual Studio Solution File, Format Version 12.00
# Visual Studio 2012
Project("{8BC9CEB8-8B4A-11D0-8D11-00A0C91BC942}") = "MyMemoryAllocate", "MyMemoryAllocate\MyMemoryAllocate.vcxproj", "{EEC6BF8B-4E7F-4148-B30D-79540C2F0DF5}"
EndProject
Project("{8BC9CEB8-8B4A-11D0-8D11-00A0C91BC942}") = "TLSAllcateTest", "TLSAllcateTest\TLSAllcateTest.vcxproj", "{D31FC8B2-D63C-4004-B653-340655650468}"
EndProject
Global
	GlobalSection(SolutionConfigurationPlatforms) = preSolution
		Debug|Win32 = Debug|Win32
		Release|Win32 = Release|Win32
	EndGlobalSection
	GlobalSection(ProjectConfigurationPlatforms) = postSolution
		{EEC6BF8B-4E7F-4148-B30D-79540C2F0DF5}.Debug|Win32.ActiveCfg = Debug|Win32
		{EEC6BF8B-4E7F-4148-B30D-79540C2F0DF5}.Debug|Win32.Build.0 = Debug|Win32
		{EEC6BF8B-4E7F-4148-B30D-79540C2F0DF5}.Release|Win32.ActiveCfg = Release|Win32
		{EEC6BF8B-4E7F-4148-B30D-79540C2F0DF5}.Release|Win32.Build.0 = Release|Win32
		{D31FC8B2-D63C-4004-B653-340655650468}.Debug|Win32.ActiveCfg = Debug|Win32
		{D31FC8B2-D63C-4004-B653-340655650468}.Debug|Win32.Build.0 = Debug|Win32
		{D31FC8B2-D63C-4004-B653-340655650468}.Release|Win32.ActiveCfg = Release|Win32
		{D31FC8B2-D63C-4004-B653-340655650468}.Release|Win32.Build.0 = Release|Win32
	EndGlobalSection
	GlobalSection(SolutionProperties) = preSolution
		HideSolutionNode = FALSE
	EndGlobalSection
EndGlobal
